{
  "originHash" : "eca2817b4d90315691976aea9cb02116833fe267ab3a0e67620c4b9eda239428",
  "pins" : [
    {
      "identity" : "clicore",
      "kind" : "remoteSourceControl",
      "location" : "https://github.com/smittytone/clicore",
      "state" : {
        "branch" : "main",
        "revision" : "dcf7dd9bef6d7fb9fd9ff6b346bde96cbc203777"
      }
    }
  ],
  "version" : 3
}
